// !$*UTF8*$!
{
	archiveVersion = 1;
	classes = {
	};
	objectVersion = 52;
	objects = {

/* Begin PBXBuildFile section */
		7F174073244E4044002A6CD8 /* AppState.swift in Sources */ = {isa = PBXBuildFile; fileRef = 7F174072244E4044002A6CD8 /* AppState.swift */; };
		7F174075244E5DCB002A6CD8 /* ApiStub.swift in Sources */ = {isa = PBXBuildFile; fileRef = 7F174074244E5DCB002A6CD8 /* ApiStub.swift */; };
		7F32AB232449EF410000BC36 /* Token.swift in Sources */ = {isa = PBXBuildFile; fileRef = 7F32AB222449EF410000BC36 /* Token.swift */; };
		7FD2C85D2444BD830043444E /* AppDelegate.swift in Sources */ = {isa = PBXBuildFile; fileRef = 7FD2C85C2444BD830043444E /* AppDelegate.swift */; };
		7FD2C85F2444BD830043444E /* SceneDelegate.swift in Sources */ = {isa = PBXBuildFile; fileRef = 7FD2C85E2444BD830043444E /* SceneDelegate.swift */; };
		7FD2C8612444BD830043444E /* ContentView.swift in Sources */ = {isa = PBXBuildFile; fileRef = 7FD2C8602444BD830043444E /* ContentView.swift */; };
		7FD2C8632444BD840043444E /* Assets.xcassets in Resources */ = {isa = PBXBuildFile; fileRef = 7FD2C8622444BD840043444E /* Assets.xcassets */; };
		7FD2C8662444BD840043444E /* Preview Assets.xcassets in Resources */ = {isa = PBXBuildFile; fileRef = 7FD2C8652444BD840043444E /* Preview Assets.xcassets */; };
		7FD2C8692444BD840043444E /* LaunchScreen.storyboard in Resources */ = {isa = PBXBuildFile; fileRef = 7FD2C8672444BD840043444E /* LaunchScreen.storyboard */; };
		7FD2C8742444BD840043444E /* QR_Code_DemoTests.swift in Sources */ = {isa = PBXBuildFile; fileRef = 7FD2C8732444BD840043444E /* QR_Code_DemoTests.swift */; };
		7FD2C87F2444BD840043444E /* QR_Code_DemoUITests.swift in Sources */ = {isa = PBXBuildFile; fileRef = 7FD2C87E2444BD840043444E /* QR_Code_DemoUITests.swift */; };
		7FD2C8942444CEBD0043444E /* CodeScanner in Frameworks */ = {isa = PBXBuildFile; productRef = 7FD2C8932444CEBD0043444E /* CodeScanner */; };
		7FF616D62445FE4500C557F9 /* OTPView.swift in Sources */ = {isa = PBXBuildFile; fileRef = 7FF616D52445FE4500C557F9 /* OTPView.swift */; };
		8496C5450DE793C7B35F1CA6 /* Pods_QR_Code_Demo_QR_Code_DemoUITests.framework in Frameworks */ = {isa = PBXBuildFile; fileRef = 31C576DBBA81776229E659DA /* Pods_QR_Code_Demo_QR_Code_DemoUITests.framework */; };
		9003F4C370CD7330F87BE478 /* Pods_QR_Code_Demo.framework in Frameworks */ = {isa = PBXBuildFile; fileRef = 53D2DB059CB7AB64FBC20762 /* Pods_QR_Code_Demo.framework */; };
		A51AF32F40F4837327C2C51C /* Pods_QR_Code_DemoTests.framework in Frameworks */ = {isa = PBXBuildFile; fileRef = A401DC3ED2ADD0D2EE5A9D6A /* Pods_QR_Code_DemoTests.framework */; };
/* End PBXBuildFile section */

/* Begin PBXContainerItemProxy section */
		7FD2C8702444BD840043444E /* PBXContainerItemProxy */ = {
			isa = PBXContainerItemProxy;
			containerPortal = 7FD2C8512444BD830043444E /* Project object */;
			proxyType = 1;
			remoteGlobalIDString = 7FD2C8582444BD830043444E;
			remoteInfo = "QR Code Demo";
		};
		7FD2C87B2444BD840043444E /* PBXContainerItemProxy */ = {
			isa = PBXContainerItemProxy;
			containerPortal = 7FD2C8512444BD830043444E /* Project object */;
			proxyType = 1;
			remoteGlobalIDString = 7FD2C8582444BD830043444E;
			remoteInfo = "QR Code Demo";
		};
/* End PBXContainerItemProxy section */

/* Begin PBXFileReference section */
		0CFC19167526B224F3369633 /* Pods-QR Code Demo-QR Code DemoUITests.debug.xcconfig */ = {isa = PBXFileReference; includeInIndex = 1; lastKnownFileType = text.xcconfig; name = "Pods-QR Code Demo-QR Code DemoUITests.debug.xcconfig"; path = "Target Support Files/Pods-QR Code Demo-QR Code DemoUITests/Pods-QR Code Demo-QR Code DemoUITests.debug.xcconfig"; sourceTree = "<group>"; };
		31C576DBBA81776229E659DA /* Pods_QR_Code_Demo_QR_Code_DemoUITests.framework */ = {isa = PBXFileReference; explicitFileType = wrapper.framework; includeInIndex = 0; path = Pods_QR_Code_Demo_QR_Code_DemoUITests.framework; sourceTree = BUILT_PRODUCTS_DIR; };
		3E31E7776F8EEFC6CFEBBB52 /* Pods-QR Code Demo.debug.xcconfig */ = {isa = PBXFileReference; includeInIndex = 1; lastKnownFileType = text.xcconfig; name = "Pods-QR Code Demo.debug.xcconfig"; path = "Target Support Files/Pods-QR Code Demo/Pods-QR Code Demo.debug.xcconfig"; sourceTree = "<group>"; };
		3EB99A937E442DA5640A987E /* Pods-QR Code Demo.release.xcconfig */ = {isa = PBXFileReference; includeInIndex = 1; lastKnownFileType = text.xcconfig; name = "Pods-QR Code Demo.release.xcconfig"; path = "Target Support Files/Pods-QR Code Demo/Pods-QR Code Demo.release.xcconfig"; sourceTree = "<group>"; };
		53D2DB059CB7AB64FBC20762 /* Pods_QR_Code_Demo.framework */ = {isa = PBXFileReference; explicitFileType = wrapper.framework; includeInIndex = 0; path = Pods_QR_Code_Demo.framework; sourceTree = BUILT_PRODUCTS_DIR; };
		7F174071244DFDFA002A6CD8 /* QR Code Demo.entitlements */ = {isa = PBXFileReference; lastKnownFileType = text.plist.entitlements; path = "QR Code Demo.entitlements"; sourceTree = "<group>"; };
		7F174072244E4044002A6CD8 /* AppState.swift */ = {isa = PBXFileReference; lastKnownFileType = sourcecode.swift; path = AppState.swift; sourceTree = "<group>"; };
		7F174074244E5DCB002A6CD8 /* ApiStub.swift */ = {isa = PBXFileReference; lastKnownFileType = sourcecode.swift; path = ApiStub.swift; sourceTree = "<group>"; };
		7F32AB222449EF410000BC36 /* Token.swift */ = {isa = PBXFileReference; lastKnownFileType = sourcecode.swift; path = Token.swift; sourceTree = "<group>"; };
		7FD2C8592444BD830043444E /* QR Code Demo.app */ = {isa = PBXFileReference; explicitFileType = wrapper.application; includeInIndex = 0; path = "QR Code Demo.app"; sourceTree = BUILT_PRODUCTS_DIR; };
		7FD2C85C2444BD830043444E /* AppDelegate.swift */ = {isa = PBXFileReference; lastKnownFileType = sourcecode.swift; path = AppDelegate.swift; sourceTree = "<group>"; };
		7FD2C85E2444BD830043444E /* SceneDelegate.swift */ = {isa = PBXFileReference; lastKnownFileType = sourcecode.swift; path = SceneDelegate.swift; sourceTree = "<group>"; };
		7FD2C8602444BD830043444E /* ContentView.swift */ = {isa = PBXFileReference; lastKnownFileType = sourcecode.swift; path = ContentView.swift; sourceTree = "<group>"; };
		7FD2C8622444BD840043444E /* Assets.xcassets */ = {isa = PBXFileReference; lastKnownFileType = folder.assetcatalog; path = Assets.xcassets; sourceTree = "<group>"; };
		7FD2C8652444BD840043444E /* Preview Assets.xcassets */ = {isa = PBXFileReference; lastKnownFileType = folder.assetcatalog; path = "Preview Assets.xcassets"; sourceTree = "<group>"; };
		7FD2C8682444BD840043444E /* Base */ = {isa = PBXFileReference; lastKnownFileType = file.storyboard; name = Base; path = Base.lproj/LaunchScreen.storyboard; sourceTree = "<group>"; };
		7FD2C86A2444BD840043444E /* Info.plist */ = {isa = PBXFileReference; lastKnownFileType = text.plist.xml; path = Info.plist; sourceTree = "<group>"; };
		7FD2C86F2444BD840043444E /* QR Code DemoTests.xctest */ = {isa = PBXFileReference; explicitFileType = wrapper.cfbundle; includeInIndex = 0; path = "QR Code DemoTests.xctest"; sourceTree = BUILT_PRODUCTS_DIR; };
		7FD2C8732444BD840043444E /* QR_Code_DemoTests.swift */ = {isa = PBXFileReference; lastKnownFileType = sourcecode.swift; path = QR_Code_DemoTests.swift; sourceTree = "<group>"; };
		7FD2C8752444BD840043444E /* Info.plist */ = {isa = PBXFileReference; lastKnownFileType = text.plist.xml; path = Info.plist; sourceTree = "<group>"; };
		7FD2C87A2444BD840043444E /* QR Code DemoUITests.xctest */ = {isa = PBXFileReference; explicitFileType = wrapper.cfbundle; includeInIndex = 0; path = "QR Code DemoUITests.xctest"; sourceTree = BUILT_PRODUCTS_DIR; };
		7FD2C87E2444BD840043444E /* QR_Code_DemoUITests.swift */ = {isa = PBXFileReference; lastKnownFileType = sourcecode.swift; path = QR_Code_DemoUITests.swift; sourceTree = "<group>"; };
		7FD2C8802444BD840043444E /* Info.plist */ = {isa = PBXFileReference; lastKnownFileType = text.plist.xml; path = Info.plist; sourceTree = "<group>"; };
		7FF616D52445FE4500C557F9 /* OTPView.swift */ = {isa = PBXFileReference; lastKnownFileType = sourcecode.swift; path = OTPView.swift; sourceTree = "<group>"; };
		A30B3477A07FEE8D5E47A3DB /* Pods-QR Code DemoTests.release.xcconfig */ = {isa = PBXFileReference; includeInIndex = 1; lastKnownFileType = text.xcconfig; name = "Pods-QR Code DemoTests.release.xcconfig"; path = "Target Support Files/Pods-QR Code DemoTests/Pods-QR Code DemoTests.release.xcconfig"; sourceTree = "<group>"; };
		A401DC3ED2ADD0D2EE5A9D6A /* Pods_QR_Code_DemoTests.framework */ = {isa = PBXFileReference; explicitFileType = wrapper.framework; includeInIndex = 0; path = Pods_QR_Code_DemoTests.framework; sourceTree = BUILT_PRODUCTS_DIR; };
		F4351E9496B613A1F888A0FB /* Pods-QR Code DemoTests.debug.xcconfig */ = {isa = PBXFileReference; includeInIndex = 1; lastKnownFileType = text.xcconfig; name = "Pods-QR Code DemoTests.debug.xcconfig"; path = "Target Support Files/Pods-QR Code DemoTests/Pods-QR Code DemoTests.debug.xcconfig"; sourceTree = "<group>"; };
		F735CE8FA239CDA67370B5B7 /* Pods-QR Code Demo-QR Code DemoUITests.release.xcconfig */ = {isa = PBXFileReference; includeInIndex = 1; lastKnownFileType = text.xcconfig; name = "Pods-QR Code Demo-QR Code DemoUITests.release.xcconfig"; path = "Target Support Files/Pods-QR Code Demo-QR Code DemoUITests/Pods-QR Code Demo-QR Code DemoUITests.release.xcconfig"; sourceTree = "<group>"; };
/* End PBXFileReference section */

/* Begin PBXFrameworksBuildPhase section */
		7FD2C8562444BD830043444E /* Frameworks */ = {
			isa = PBXFrameworksBuildPhase;
			buildActionMask = 2147483647;
			files = (
				7FD2C8942444CEBD0043444E /* CodeScanner in Frameworks */,
				9003F4C370CD7330F87BE478 /* Pods_QR_Code_Demo.framework in Frameworks */,
			);
			runOnlyForDeploymentPostprocessing = 0;
		};
		7FD2C86C2444BD840043444E /* Frameworks */ = {
			isa = PBXFrameworksBuildPhase;
			buildActionMask = 2147483647;
			files = (
				A51AF32F40F4837327C2C51C /* Pods_QR_Code_DemoTests.framework in Frameworks */,
			);
			runOnlyForDeploymentPostprocessing = 0;
		};
		7FD2C8772444BD840043444E /* Frameworks */ = {
			isa = PBXFrameworksBuildPhase;
			buildActionMask = 2147483647;
			files = (
				8496C5450DE793C7B35F1CA6 /* Pods_QR_Code_Demo_QR_Code_DemoUITests.framework in Frameworks */,
			);
			runOnlyForDeploymentPostprocessing = 0;
		};
/* End PBXFrameworksBuildPhase section */

/* Begin PBXGroup section */
		7FD2C8502444BD830043444E = {
			isa = PBXGroup;
			children = (
				7FD2C85B2444BD830043444E /* QR Code Demo */,
				7FD2C8722444BD840043444E /* QR Code DemoTests */,
				7FD2C87D2444BD840043444E /* QR Code DemoUITests */,
				7FD2C85A2444BD830043444E /* Products */,
				AB1363618145F372D8BC0073 /* Pods */,
				A218827D825BBF623B224B79 /* Frameworks */,
			);
			sourceTree = "<group>";
		};
		7FD2C85A2444BD830043444E /* Products */ = {
			isa = PBXGroup;
			children = (
				7FD2C8592444BD830043444E /* QR Code Demo.app */,
				7FD2C86F2444BD840043444E /* QR Code DemoTests.xctest */,
				7FD2C87A2444BD840043444E /* QR Code DemoUITests.xctest */,
			);
			name = Products;
			sourceTree = "<group>";
		};
		7FD2C85B2444BD830043444E /* QR Code Demo */ = {
			isa = PBXGroup;
			children = (
				7FD2C85C2444BD830043444E /* AppDelegate.swift */,
				7F174072244E4044002A6CD8 /* AppState.swift */,
				7F174074244E5DCB002A6CD8 /* ApiStub.swift */,
				7FD2C8622444BD840043444E /* Assets.xcassets */,
				7FD2C8602444BD830043444E /* ContentView.swift */,
				7FD2C86A2444BD840043444E /* Info.plist */,
				7FD2C8672444BD840043444E /* LaunchScreen.storyboard */,
				7FF616D52445FE4500C557F9 /* OTPView.swift */,
				7FD2C8642444BD840043444E /* Preview Content */,
				7F174071244DFDFA002A6CD8 /* QR Code Demo.entitlements */,
				7FD2C85E2444BD830043444E /* SceneDelegate.swift */,
				7F32AB222449EF410000BC36 /* Token.swift */,
			);
			path = "QR Code Demo";
			sourceTree = "<group>";
		};
		7FD2C8642444BD840043444E /* Preview Content */ = {
			isa = PBXGroup;
			children = (
				7FD2C8652444BD840043444E /* Preview Assets.xcassets */,
			);
			path = "Preview Content";
			sourceTree = "<group>";
		};
		7FD2C8722444BD840043444E /* QR Code DemoTests */ = {
			isa = PBXGroup;
			children = (
				7FD2C8732444BD840043444E /* QR_Code_DemoTests.swift */,
				7FD2C8752444BD840043444E /* Info.plist */,
			);
			path = "QR Code DemoTests";
			sourceTree = "<group>";
		};
		7FD2C87D2444BD840043444E /* QR Code DemoUITests */ = {
			isa = PBXGroup;
			children = (
				7FD2C87E2444BD840043444E /* QR_Code_DemoUITests.swift */,
				7FD2C8802444BD840043444E /* Info.plist */,
			);
			path = "QR Code DemoUITests";
			sourceTree = "<group>";
		};
		A218827D825BBF623B224B79 /* Frameworks */ = {
			isa = PBXGroup;
			children = (
				53D2DB059CB7AB64FBC20762 /* Pods_QR_Code_Demo.framework */,
				31C576DBBA81776229E659DA /* Pods_QR_Code_Demo_QR_Code_DemoUITests.framework */,
				A401DC3ED2ADD0D2EE5A9D6A /* Pods_QR_Code_DemoTests.framework */,
			);
			name = Frameworks;
			sourceTree = "<group>";
		};
		AB1363618145F372D8BC0073 /* Pods */ = {
			isa = PBXGroup;
			children = (
				3E31E7776F8EEFC6CFEBBB52 /* Pods-QR Code Demo.debug.xcconfig */,
				3EB99A937E442DA5640A987E /* Pods-QR Code Demo.release.xcconfig */,
				0CFC19167526B224F3369633 /* Pods-QR Code Demo-QR Code DemoUITests.debug.xcconfig */,
				F735CE8FA239CDA67370B5B7 /* Pods-QR Code Demo-QR Code DemoUITests.release.xcconfig */,
				F4351E9496B613A1F888A0FB /* Pods-QR Code DemoTests.debug.xcconfig */,
				A30B3477A07FEE8D5E47A3DB /* Pods-QR Code DemoTests.release.xcconfig */,
			);
			path = Pods;
			sourceTree = "<group>";
		};
/* End PBXGroup section */

/* Begin PBXNativeTarget section */
		7FD2C8582444BD830043444E /* QR Code Demo */ = {
			isa = PBXNativeTarget;
			buildConfigurationList = 7FD2C8832444BD840043444E /* Build configuration list for PBXNativeTarget "QR Code Demo" */;
			buildPhases = (
				445B2304BBD809017C75E4BE /* [CP] Check Pods Manifest.lock */,
				7FD2C8552444BD830043444E /* Sources */,
				7FD2C8562444BD830043444E /* Frameworks */,
				7FD2C8572444BD830043444E /* Resources */,
				D4299227EF76124DC4AEB50C /* [CP] Embed Pods Frameworks */,
			);
			buildRules = (
			);
			dependencies = (
			);
			name = "QR Code Demo";
			packageProductDependencies = (
				7FD2C8932444CEBD0043444E /* CodeScanner */,
			);
			productName = "QR Code Demo";
			productReference = 7FD2C8592444BD830043444E /* QR Code Demo.app */;
			productType = "com.apple.product-type.application";
		};
		7FD2C86E2444BD840043444E /* QR Code DemoTests */ = {
			isa = PBXNativeTarget;
			buildConfigurationList = 7FD2C8862444BD840043444E /* Build configuration list for PBXNativeTarget "QR Code DemoTests" */;
			buildPhases = (
				67B0DE0A41481B3B4DEAF922 /* [CP] Check Pods Manifest.lock */,
				7FD2C86B2444BD840043444E /* Sources */,
				7FD2C86C2444BD840043444E /* Frameworks */,
				7FD2C86D2444BD840043444E /* Resources */,
			);
			buildRules = (
			);
			dependencies = (
				7FD2C8712444BD840043444E /* PBXTargetDependency */,
			);
			name = "QR Code DemoTests";
			productName = "QR Code DemoTests";
			productReference = 7FD2C86F2444BD840043444E /* QR Code DemoTests.xctest */;
			productType = "com.apple.product-type.bundle.unit-test";
		};
		7FD2C8792444BD840043444E /* QR Code DemoUITests */ = {
			isa = PBXNativeTarget;
			buildConfigurationList = 7FD2C8892444BD840043444E /* Build configuration list for PBXNativeTarget "QR Code DemoUITests" */;
			buildPhases = (
				F85901B8A07B3F8A1628463E /* [CP] Check Pods Manifest.lock */,
				7FD2C8762444BD840043444E /* Sources */,
				7FD2C8772444BD840043444E /* Frameworks */,
				7FD2C8782444BD840043444E /* Resources */,
				F2C30E06D28D710CECAC9286 /* [CP] Embed Pods Frameworks */,
			);
			buildRules = (
			);
			dependencies = (
				7FD2C87C2444BD840043444E /* PBXTargetDependency */,
			);
			name = "QR Code DemoUITests";
			productName = "QR Code DemoUITests";
			productReference = 7FD2C87A2444BD840043444E /* QR Code DemoUITests.xctest */;
			productType = "com.apple.product-type.bundle.ui-testing";
		};
/* End PBXNativeTarget section */

/* Begin PBXProject section */
		7FD2C8512444BD830043444E /* Project object */ = {
			isa = PBXProject;
			attributes = {
				LastSwiftUpdateCheck = 1140;
				LastUpgradeCheck = 1140;
				ORGANIZATIONNAME = "Kaizen Digital";
				TargetAttributes = {
					7FD2C8582444BD830043444E = {
						CreatedOnToolsVersion = 11.4;
					};
					7FD2C86E2444BD840043444E = {
						CreatedOnToolsVersion = 11.4;
						TestTargetID = 7FD2C8582444BD830043444E;
					};
					7FD2C8792444BD840043444E = {
						CreatedOnToolsVersion = 11.4;
						TestTargetID = 7FD2C8582444BD830043444E;
					};
				};
			};
			buildConfigurationList = 7FD2C8542444BD830043444E /* Build configuration list for PBXProject "QR Code Demo" */;
			compatibilityVersion = "Xcode 9.3";
			developmentRegion = en;
			hasScannedForEncodings = 0;
			knownRegions = (
				en,
				Base,
			);
			mainGroup = 7FD2C8502444BD830043444E;
			packageReferences = (
				7FD2C8922444CEBD0043444E /* XCRemoteSwiftPackageReference "CodeScanner" */,
			);
			productRefGroup = 7FD2C85A2444BD830043444E /* Products */;
			projectDirPath = "";
			projectRoot = "";
			targets = (
				7FD2C8582444BD830043444E /* QR Code Demo */,
				7FD2C86E2444BD840043444E /* QR Code DemoTests */,
				7FD2C8792444BD840043444E /* QR Code DemoUITests */,
			);
		};
/* End PBXProject section */

/* Begin PBXResourcesBuildPhase section */
		7FD2C8572444BD830043444E /* Resources */ = {
			isa = PBXResourcesBuildPhase;
			buildActionMask = 2147483647;
			files = (
				7FD2C8692444BD840043444E /* LaunchScreen.storyboard in Resources */,
				7FD2C8662444BD840043444E /* Preview Assets.xcassets in Resources */,
				7FD2C8632444BD840043444E /* Assets.xcassets in Resources */,
			);
			runOnlyForDeploymentPostprocessing = 0;
		};
		7FD2C86D2444BD840043444E /* Resources */ = {
			isa = PBXResourcesBuildPhase;
			buildActionMask = 2147483647;
			files = (
			);
			runOnlyForDeploymentPostprocessing = 0;
		};
		7FD2C8782444BD840043444E /* Resources */ = {
			isa = PBXResourcesBuildPhase;
			buildActionMask = 2147483647;
			files = (
			);
			runOnlyForDeploymentPostprocessing = 0;
		};
/* End PBXResourcesBuildPhase section */

/* Begin PBXShellScriptBuildPhase section */
		445B2304BBD809017C75E4BE /* [CP] Check Pods Manifest.lock */ = {
			isa = PBXShellScriptBuildPhase;
			buildActionMask = 2147483647;
			files = (
			);
			inputFileListPaths = (
			);
			inputPaths = (
				"${PODS_PODFILE_DIR_PATH}/Podfile.lock",
				"${PODS_ROOT}/Manifest.lock",
			);
			name = "[CP] Check Pods Manifest.lock";
			outputFileListPaths = (
			);
			outputPaths = (
				"$(DERIVED_FILE_DIR)/Pods-QR Code Demo-checkManifestLockResult.txt",
			);
			runOnlyForDeploymentPostprocessing = 0;
			shellPath = /bin/sh;
			shellScript = "diff \"${PODS_PODFILE_DIR_PATH}/Podfile.lock\" \"${PODS_ROOT}/Manifest.lock\" > /dev/null\nif [ $? != 0 ] ; then\n    # print error to STDERR\n    echo \"error: The sandbox is not in sync with the Podfile.lock. Run 'pod install' or update your CocoaPods installation.\" >&2\n    exit 1\nfi\n# This output is used by Xcode 'outputs' to avoid re-running this script phase.\necho \"SUCCESS\" > \"${SCRIPT_OUTPUT_FILE_0}\"\n";
			showEnvVarsInLog = 0;
		};
		67B0DE0A41481B3B4DEAF922 /* [CP] Check Pods Manifest.lock */ = {
			isa = PBXShellScriptBuildPhase;
			buildActionMask = 2147483647;
			files = (
			);
			inputFileListPaths = (
			);
			inputPaths = (
				"${PODS_PODFILE_DIR_PATH}/Podfile.lock",
				"${PODS_ROOT}/Manifest.lock",
			);
			name = "[CP] Check Pods Manifest.lock";
			outputFileListPaths = (
			);
			outputPaths = (
				"$(DERIVED_FILE_DIR)/Pods-QR Code DemoTests-checkManifestLockResult.txt",
			);
			runOnlyForDeploymentPostprocessing = 0;
			shellPath = /bin/sh;
			shellScript = "diff \"${PODS_PODFILE_DIR_PATH}/Podfile.lock\" \"${PODS_ROOT}/Manifest.lock\" > /dev/null\nif [ $? != 0 ] ; then\n    # print error to STDERR\n    echo \"error: The sandbox is not in sync with the Podfile.lock. Run 'pod install' or update your CocoaPods installation.\" >&2\n    exit 1\nfi\n# This output is used by Xcode 'outputs' to avoid re-running this script phase.\necho \"SUCCESS\" > \"${SCRIPT_OUTPUT_FILE_0}\"\n";
			showEnvVarsInLog = 0;
		};
		D4299227EF76124DC4AEB50C /* [CP] Embed Pods Frameworks */ = {
			isa = PBXShellScriptBuildPhase;
			buildActionMask = 2147483647;
			files = (
			);
			inputFileListPaths = (
				"${PODS_ROOT}/Target Support Files/Pods-QR Code Demo/Pods-QR Code Demo-frameworks-${CONFIGURATION}-input-files.xcfilelist",
			);
			name = "[CP] Embed Pods Frameworks";
			outputFileListPaths = (
				"${PODS_ROOT}/Target Support Files/Pods-QR Code Demo/Pods-QR Code Demo-frameworks-${CONFIGURATION}-output-files.xcfilelist",
			);
			runOnlyForDeploymentPostprocessing = 0;
			shellPath = /bin/sh;
			shellScript = "\"${PODS_ROOT}/Target Support Files/Pods-QR Code Demo/Pods-QR Code Demo-frameworks.sh\"\n";
			showEnvVarsInLog = 0;
		};
		F2C30E06D28D710CECAC9286 /* [CP] Embed Pods Frameworks */ = {
			isa = PBXShellScriptBuildPhase;
			buildActionMask = 2147483647;
			files = (
			);
			inputFileListPaths = (
				"${PODS_ROOT}/Target Support Files/Pods-QR Code Demo-QR Code DemoUITests/Pods-QR Code Demo-QR Code DemoUITests-frameworks-${CONFIGURATION}-input-files.xcfilelist",
			);
			name = "[CP] Embed Pods Frameworks";
			outputFileListPaths = (
				"${PODS_ROOT}/Target Support Files/Pods-QR Code Demo-QR Code DemoUITests/Pods-QR Code Demo-QR Code DemoUITests-frameworks-${CONFIGURATION}-output-files.xcfilelist",
			);
			runOnlyForDeploymentPostprocessing = 0;
			shellPath = /bin/sh;
			shellScript = "\"${PODS_ROOT}/Target Support Files/Pods-QR Code Demo-QR Code DemoUITests/Pods-QR Code Demo-QR Code DemoUITests-frameworks.sh\"\n";
			showEnvVarsInLog = 0;
		};
		F85901B8A07B3F8A1628463E /* [CP] Check Pods Manifest.lock */ = {
			isa = PBXShellScriptBuildPhase;
			buildActionMask = 2147483647;
			files = (
			);
			inputFileListPaths = (
			);
			inputPaths = (
				"${PODS_PODFILE_DIR_PATH}/Podfile.lock",
				"${PODS_ROOT}/Manifest.lock",
			);
			name = "[CP] Check Pods Manifest.lock";
			outputFileListPaths = (
			);
			outputPaths = (
				"$(DERIVED_FILE_DIR)/Pods-QR Code Demo-QR Code DemoUITests-checkManifestLockResult.txt",
			);
			runOnlyForDeploymentPostprocessing = 0;
			shellPath = /bin/sh;
			shellScript = "diff \"${PODS_PODFILE_DIR_PATH}/Podfile.lock\" \"${PODS_ROOT}/Manifest.lock\" > /dev/null\nif [ $? != 0 ] ; then\n    # print error to STDERR\n    echo \"error: The sandbox is not in sync with the Podfile.lock. Run 'pod install' or update your CocoaPods installation.\" >&2\n    exit 1\nfi\n# This output is used by Xcode 'outputs' to avoid re-running this script phase.\necho \"SUCCESS\" > \"${SCRIPT_OUTPUT_FILE_0}\"\n";
			showEnvVarsInLog = 0;
		};
/* End PBXShellScriptBuildPhase section */

/* Begin PBXSourcesBuildPhase section */
		7FD2C8552444BD830043444E /* Sources */ = {
			isa = PBXSourcesBuildPhase;
			buildActionMask = 2147483647;
			files = (
				7FF616D62445FE4500C557F9 /* OTPView.swift in Sources */,
				7F174075244E5DCB002A6CD8 /* ApiStub.swift in Sources */,
				7FD2C85D2444BD830043444E /* AppDelegate.swift in Sources */,
				7FD2C85F2444BD830043444E /* SceneDelegate.swift in Sources */,
				7F174073244E4044002A6CD8 /* AppState.swift in Sources */,
				7FD2C8612444BD830043444E /* ContentView.swift in Sources */,
				7F32AB232449EF410000BC36 /* Token.swift in Sources */,
			);
			runOnlyForDeploymentPostprocessing = 0;
		};
		7FD2C86B2444BD840043444E /* Sources */ = {
			isa = PBXSourcesBuildPhase;
			buildActionMask = 2147483647;
			files = (
				7FD2C8742444BD840043444E /* QR_Code_DemoTests.swift in Sources */,
			);
			runOnlyForDeploymentPostprocessing = 0;
		};
		7FD2C8762444BD840043444E /* Sources */ = {
			isa = PBXSourcesBuildPhase;
			buildActionMask = 2147483647;
			files = (
				7FD2C87F2444BD840043444E /* QR_Code_DemoUITests.swift in Sources */,
			);
			runOnlyForDeploymentPostprocessing = 0;
		};
/* End PBXSourcesBuildPhase section */

/* Begin PBXTargetDependency section */
		7FD2C8712444BD840043444E /* PBXTargetDependency */ = {
			isa = PBXTargetDependency;
			target = 7FD2C8582444BD830043444E /* QR Code Demo */;
			targetProxy = 7FD2C8702444BD840043444E /* PBXContainerItemProxy */;
		};
		7FD2C87C2444BD840043444E /* PBXTargetDependency */ = {
			isa = PBXTargetDependency;
			target = 7FD2C8582444BD830043444E /* QR Code Demo */;
			targetProxy = 7FD2C87B2444BD840043444E /* PBXContainerItemProxy */;
		};
/* End PBXTargetDependency section */

/* Begin PBXVariantGroup section */
		7FD2C8672444BD840043444E /* LaunchScreen.storyboard */ = {
			isa = PBXVariantGroup;
			children = (
				7FD2C8682444BD840043444E /* Base */,
			);
			name = LaunchScreen.storyboard;
			sourceTree = "<group>";
		};
/* End PBXVariantGroup section */

/* Begin XCBuildConfiguration section */
		7FD2C8812444BD840043444E /* Debug */ = {
			isa = XCBuildConfiguration;
			buildSettings = {
				ALWAYS_SEARCH_USER_PATHS = NO;
				CLANG_ANALYZER_NONNULL = YES;
				CLANG_ANALYZER_NUMBER_OBJECT_CONVERSION = YES_AGGRESSIVE;
				CLANG_CXX_LANGUAGE_STANDARD = "gnu++14";
				CLANG_CXX_LIBRARY = "libc++";
				CLANG_ENABLE_MODULES = YES;
				CLANG_ENABLE_OBJC_ARC = YES;
				CLANG_ENABLE_OBJC_WEAK = YES;
				CLANG_WARN_BLOCK_CAPTURE_AUTORELEASING = YES;
				CLANG_WARN_BOOL_CONVERSION = YES;
				CLANG_WARN_COMMA = YES;
				CLANG_WARN_CONSTANT_CONVERSION = YES;
				CLANG_WARN_DEPRECATED_OBJC_IMPLEMENTATIONS = YES;
				CLANG_WARN_DIRECT_OBJC_ISA_USAGE = YES_ERROR;
				CLANG_WARN_DOCUMENTATION_COMMENTS = YES;
				CLANG_WARN_EMPTY_BODY = YES;
				CLANG_WARN_ENUM_CONVERSION = YES;
				CLANG_WARN_INFINITE_RECURSION = YES;
				CLANG_WARN_INT_CONVERSION = YES;
				CLANG_WARN_NON_LITERAL_NULL_CONVERSION = YES;
				CLANG_WARN_OBJC_IMPLICIT_RETAIN_SELF = YES;
				CLANG_WARN_OBJC_LITERAL_CONVERSION = YES;
				CLANG_WARN_OBJC_ROOT_CLASS = YES_ERROR;
				CLANG_WARN_RANGE_LOOP_ANALYSIS = YES;
				CLANG_WARN_STRICT_PROTOTYPES = YES;
				CLANG_WARN_SUSPICIOUS_MOVE = YES;
				CLANG_WARN_UNGUARDED_AVAILABILITY = YES_AGGRESSIVE;
				CLANG_WARN_UNREACHABLE_CODE = YES;
				CLANG_WARN__DUPLICATE_METHOD_MATCH = YES;
				COPY_PHASE_STRIP = NO;
				DEBUG_INFORMATION_FORMAT = dwarf;
				ENABLE_STRICT_OBJC_MSGSEND = YES;
				ENABLE_TESTABILITY = YES;
				GCC_C_LANGUAGE_STANDARD = gnu11;
				GCC_DYNAMIC_NO_PIC = NO;
				GCC_NO_COMMON_BLOCKS = YES;
				GCC_OPTIMIZATION_LEVEL = 0;
				GCC_PREPROCESSOR_DEFINITIONS = (
					"DEBUG=1",
					"$(inherited)",
				);
				GCC_WARN_64_TO_32_BIT_CONVERSION = YES;
				GCC_WARN_ABOUT_RETURN_TYPE = YES_ERROR;
				GCC_WARN_UNDECLARED_SELECTOR = YES;
				GCC_WARN_UNINITIALIZED_AUTOS = YES_AGGRESSIVE;
				GCC_WARN_UNUSED_FUNCTION = YES;
				GCC_WARN_UNUSED_VARIABLE = YES;
				IPHONEOS_DEPLOYMENT_TARGET = 13.4;
				MTL_ENABLE_DEBUG_INFO = INCLUDE_SOURCE;
				MTL_FAST_MATH = YES;
				ONLY_ACTIVE_ARCH = YES;
				SDKROOT = iphoneos;
				SWIFT_ACTIVE_COMPILATION_CONDITIONS = DEBUG;
				SWIFT_OPTIMIZATION_LEVEL = "-Onone";
			};
			name = Debug;
		};
		7FD2C8822444BD840043444E /* Release */ = {
			isa = XCBuildConfiguration;
			buildSettings = {
				ALWAYS_SEARCH_USER_PATHS = NO;
				CLANG_ANALYZER_NONNULL = YES;
				CLANG_ANALYZER_NUMBER_OBJECT_CONVERSION = YES_AGGRESSIVE;
				CLANG_CXX_LANGUAGE_STANDARD = "gnu++14";
				CLANG_CXX_LIBRARY = "libc++";
				CLANG_ENABLE_MODULES = YES;
				CLANG_ENABLE_OBJC_ARC = YES;
				CLANG_ENABLE_OBJC_WEAK = YES;
				CLANG_WARN_BLOCK_CAPTURE_AUTORELEASING = YES;
				CLANG_WARN_BOOL_CONVERSION = YES;
				CLANG_WARN_COMMA = YES;
				CLANG_WARN_CONSTANT_CONVERSION = YES;
				CLANG_WARN_DEPRECATED_OBJC_IMPLEMENTATIONS = YES;
				CLANG_WARN_DIRECT_OBJC_ISA_USAGE = YES_ERROR;
				CLANG_WARN_DOCUMENTATION_COMMENTS = YES;
				CLANG_WARN_EMPTY_BODY = YES;
				CLANG_WARN_ENUM_CONVERSION = YES;
				CLANG_WARN_INFINITE_RECURSION = YES;
				CLANG_WARN_INT_CONVERSION = YES;
				CLANG_WARN_NON_LITERAL_NULL_CONVERSION = YES;
				CLANG_WARN_OBJC_IMPLICIT_RETAIN_SELF = YES;
				CLANG_WARN_OBJC_LITERAL_CONVERSION = YES;
				CLANG_WARN_OBJC_ROOT_CLASS = YES_ERROR;
				CLANG_WARN_RANGE_LOOP_ANALYSIS = YES;
				CLANG_WARN_STRICT_PROTOTYPES = YES;
				CLANG_WARN_SUSPICIOUS_MOVE = YES;
				CLANG_WARN_UNGUARDED_AVAILABILITY = YES_AGGRESSIVE;
				CLANG_WARN_UNREACHABLE_CODE = YES;
				CLANG_WARN__DUPLICATE_METHOD_MATCH = YES;
				COPY_PHASE_STRIP = NO;
				DEBUG_INFORMATION_FORMAT = "dwarf-with-dsym";
				ENABLE_NS_ASSERTIONS = NO;
				ENABLE_STRICT_OBJC_MSGSEND = YES;
				GCC_C_LANGUAGE_STANDARD = gnu11;
				GCC_NO_COMMON_BLOCKS = YES;
				GCC_WARN_64_TO_32_BIT_CONVERSION = YES;
				GCC_WARN_ABOUT_RETURN_TYPE = YES_ERROR;
				GCC_WARN_UNDECLARED_SELECTOR = YES;
				GCC_WARN_UNINITIALIZED_AUTOS = YES_AGGRESSIVE;
				GCC_WARN_UNUSED_FUNCTION = YES;
				GCC_WARN_UNUSED_VARIABLE = YES;
				IPHONEOS_DEPLOYMENT_TARGET = 13.4;
				MTL_ENABLE_DEBUG_INFO = NO;
				MTL_FAST_MATH = YES;
				SDKROOT = iphoneos;
				SWIFT_COMPILATION_MODE = wholemodule;
				SWIFT_OPTIMIZATION_LEVEL = "-O";
				VALIDATE_PRODUCT = YES;
			};
			name = Release;
		};
		7FD2C8842444BD840043444E /* Debug */ = {
			isa = XCBuildConfiguration;
			baseConfigurationReference = 3E31E7776F8EEFC6CFEBBB52 /* Pods-QR Code Demo.debug.xcconfig */;
			buildSettings = {
				ASSETCATALOG_COMPILER_APPICON_NAME = AppIcon;
				CODE_SIGN_ENTITLEMENTS = "QR Code Demo/QR Code Demo.entitlements";
				CODE_SIGN_STYLE = Automatic;
				DEVELOPMENT_ASSET_PATHS = "\"QR Code Demo/Preview Content\"";
				DEVELOPMENT_TEAM = VWA6W793ZH;
				ENABLE_PREVIEWS = YES;
				INFOPLIST_FILE = "QR Code Demo/Info.plist";
				LD_RUNPATH_SEARCH_PATHS = (
					"$(inherited)",
					"@executable_path/Frameworks",
				);
				PRODUCT_BUNDLE_IDENTIFIER = "com.kaizendigital.QR-Code-Demo";
				PRODUCT_NAME = "$(TARGET_NAME)";
				SWIFT_VERSION = 5.0;
				TARGETED_DEVICE_FAMILY = "1,2";
			};
			name = Debug;
		};
		7FD2C8852444BD840043444E /* Release */ = {
			isa = XCBuildConfiguration;
			baseConfigurationReference = 3EB99A937E442DA5640A987E /* Pods-QR Code Demo.release.xcconfig */;
			buildSettings = {
				ASSETCATALOG_COMPILER_APPICON_NAME = AppIcon;
				CODE_SIGN_ENTITLEMENTS = "QR Code Demo/QR Code Demo.entitlements";
				CODE_SIGN_STYLE = Automatic;
				DEVELOPMENT_ASSET_PATHS = "\"QR Code Demo/Preview Content\"";
				DEVELOPMENT_TEAM = VWA6W793ZH;
				ENABLE_PREVIEWS = YES;
				INFOPLIST_FILE = "QR Code Demo/Info.plist";
				LD_RUNPATH_SEARCH_PATHS = (
					"$(inherited)",
					"@executable_path/Frameworks",
				);
				PRODUCT_BUNDLE_IDENTIFIER = "com.kaizendigital.QR-Code-Demo";
				PRODUCT_NAME = "$(TARGET_NAME)";
				SWIFT_VERSION = 5.0;
				TARGETED_DEVICE_FAMILY = "1,2";
			};
			name = Release;
		};
		7FD2C8872444BD840043444E /* Debug */ = {
			isa = XCBuildConfiguration;
			baseConfigurationReference = F4351E9496B613A1F888A0FB /* Pods-QR Code DemoTests.debug.xcconfig */;
			buildSettings = {
				ALWAYS_EMBED_SWIFT_STANDARD_LIBRARIES = YES;
				BUNDLE_LOADER = "$(TEST_HOST)";
				CODE_SIGN_STYLE = Automatic;
				DEVELOPMENT_TEAM = VWA6W793ZH;
				INFOPLIST_FILE = "QR Code DemoTests/Info.plist";
				IPHONEOS_DEPLOYMENT_TARGET = 13.4;
				LD_RUNPATH_SEARCH_PATHS = (
					"$(inherited)",
					"@executable_path/Frameworks",
					"@loader_path/Frameworks",
				);
				PRODUCT_BUNDLE_IDENTIFIER = "com.kaizendigital.QR-Code-DemoTests";
				PRODUCT_NAME = "$(TARGET_NAME)";
				SWIFT_VERSION = 5.0;
				TARGETED_DEVICE_FAMILY = "1,2";
				TEST_HOST = "$(BUILT_PRODUCTS_DIR)/QR Code Demo.app/QR Code Demo";
			};
			name = Debug;
		};
		7FD2C8882444BD840043444E /* Release */ = {
			isa = XCBuildConfiguration;
			baseConfigurationReference = A30B3477A07FEE8D5E47A3DB /* Pods-QR Code DemoTests.release.xcconfig */;
			buildSettings = {
				ALWAYS_EMBED_SWIFT_STANDARD_LIBRARIES = YES;
				BUNDLE_LOADER = "$(TEST_HOST)";
				CODE_SIGN_STYLE = Automatic;
				DEVELOPMENT_TEAM = VWA6W793ZH;
				INFOPLIST_FILE = "QR Code DemoTests/Info.plist";
				IPHONEOS_DEPLOYMENT_TARGET = 13.4;
				LD_RUNPATH_SEARCH_PATHS = (
					"$(inherited)",
					"@executable_path/Frameworks",
					"@loader_path/Frameworks",
				);
				PRODUCT_BUNDLE_IDENTIFIER = "com.kaizendigital.QR-Code-DemoTests";
				PRODUCT_NAME = "$(TARGET_NAME)";
				SWIFT_VERSION = 5.0;
				TARGETED_DEVICE_FAMILY = "1,2";
				TEST_HOST = "$(BUILT_PRODUCTS_DIR)/QR Code Demo.app/QR Code Demo";
			};
			name = Release;
		};
		7FD2C88A2444BD840043444E /* Debug */ = {
			isa = XCBuildConfiguration;
			baseConfigurationReference = 0CFC19167526B224F3369633 /* Pods-QR Code Demo-QR Code DemoUITests.debug.xcconfig */;
			buildSettings = {
				ALWAYS_EMBED_SWIFT_STANDARD_LIBRARIES = YES;
				CODE_SIGN_STYLE = Automatic;
				DEVELOPMENT_TEAM = VWA6W793ZH;
				INFOPLIST_FILE = "QR Code DemoUITests/Info.plist";
				LD_RUNPATH_SEARCH_PATHS = (
					"$(inherited)",
					"@executable_path/Frameworks",
					"@loader_path/Frameworks",
				);
				PRODUCT_BUNDLE_IDENTIFIER = "com.kaizendigital.QR-Code-DemoUITests";
				PRODUCT_NAME = "$(TARGET_NAME)";
				SWIFT_VERSION = 5.0;
				TARGETED_DEVICE_FAMILY = "1,2";
				TEST_TARGET_NAME = "QR Code Demo";
			};
			name = Debug;
		};
		7FD2C88B2444BD840043444E /* Release */ = {
			isa = XCBuildConfiguration;
			baseConfigurationReference = F735CE8FA239CDA67370B5B7 /* Pods-QR Code Demo-QR Code DemoUITests.release.xcconfig */;
			buildSettings = {
				ALWAYS_EMBED_SWIFT_STANDARD_LIBRARIES = YES;
				CODE_SIGN_STYLE = Automatic;
				DEVELOPMENT_TEAM = VWA6W793ZH;
				INFOPLIST_FILE = "QR Code DemoUITests/Info.plist";
				LD_RUNPATH_SEARCH_PATHS = (
					"$(inherited)",
					"@executable_path/Frameworks",
					"@loader_path/Frameworks",
				);
				PRODUCT_BUNDLE_IDENTIFIER = "com.kaizendigital.QR-Code-DemoUITests";
				PRODUCT_NAME = "$(TARGET_NAME)";
				SWIFT_VERSION = 5.0;
				TARGETED_DEVICE_FAMILY = "1,2";
				TEST_TARGET_NAME = "QR Code Demo";
			};
			name = Release;
		};
/* End XCBuildConfiguration section */

/* Begin XCConfigurationList section */
		7FD2C8542444BD830043444E /* Build configuration list for PBXProject "QR Code Demo" */ = {
			isa = XCConfigurationList;
			buildConfigurations = (
				7FD2C8812444BD840043444E /* Debug */,
				7FD2C8822444BD840043444E /* Release */,
			);
			defaultConfigurationIsVisible = 0;
			defaultConfigurationName = Release;
		};
		7FD2C8832444BD840043444E /* Build configuration list for PBXNativeTarget "QR Code Demo" */ = {
			isa = XCConfigurationList;
			buildConfigurations = (
				7FD2C8842444BD840043444E /* Debug */,
				7FD2C8852444BD840043444E /* Release */,
			);
			defaultConfigurationIsVisible = 0;
			defaultConfigurationName = Release;
		};
		7FD2C8862444BD840043444E /* Build configuration list for PBXNativeTarget "QR Code DemoTests" */ = {
			isa = XCConfigurationList;
			buildConfigurations = (
				7FD2C8872444BD840043444E /* Debug */,
				7FD2C8882444BD840043444E /* Release */,
			);
			defaultConfigurationIsVisible = 0;
			defaultConfigurationName = Release;
		};
		7FD2C8892444BD840043444E /* Build configuration list for PBXNativeTarget "QR Code DemoUITests" */ = {
			isa = XCConfigurationList;
			buildConfigurations = (
				7FD2C88A2444BD840043444E /* Debug */,
				7FD2C88B2444BD840043444E /* Release */,
			);
			defaultConfigurationIsVisible = 0;
			defaultConfigurationName = Release;
		};
/* End XCConfigurationList section */

/* Begin XCRemoteSwiftPackageReference section */
		7FD2C8922444CEBD0043444E /* XCRemoteSwiftPackageReference "CodeScanner" */ = {
			isa = XCRemoteSwiftPackageReference;
			repositoryURL = "https://github.com/twostraws/CodeScanner";
			requirement = {
				kind = upToNextMajorVersion;
				minimumVersion = 1.0.3;
			};
		};
/* End XCRemoteSwiftPackageReference section */

/* Begin XCSwiftPackageProductDependency section */
		7FD2C8932444CEBD0043444E /* CodeScanner */ = {
			isa = XCSwiftPackageProductDependency;
			package = 7FD2C8922444CEBD0043444E /* XCRemoteSwiftPackageReference "CodeScanner" */;
			productName = CodeScanner;
		};
/* End XCSwiftPackageProductDependency section */
	};
	rootObject = 7FD2C8512444BD830043444E /* Project object */;
}
